
Microsoft Visual Studio Solution File, Format Version 12.00
# Visual Studio Version 16
VisualStudioVersion = 16.0.30413.136
MinimumVisualStudioVersion = 10.0.40219.1
Project("{FAE04EC0-301F-11D3-BF4B-00C04F79EFBC}") = "WordUnscrambler", "WordUnscrambler\WordUnscrambler.csproj", "{6048FBE0-C472-4CF3-9C0C-F4660E4D8A24}"
EndProject
Global
	GlobalSection(SolutionConfigurationPlatforms) = preSolution
		Debug|Any CPU = Debug|Any CPU
		Release|Any CPU = Release|Any CPU
	EndGlobalSection
	GlobalSection(ProjectConfigurationPlatforms) = postSolution
		{6048FBE0-C472-4CF3-9C0C-F4660E4D8A24}.Debug|Any CPU.ActiveCfg = Debug|Any CPU
		{6048FBE0-C472-4CF3-9C0C-F4660E4D8A24}.Debug|Any CPU.Build.0 = Debug|Any CPU
		{6048FBE0-C472-4CF3-9C0C-F4660E4D8A24}.Release|Any CPU.ActiveCfg = Release|Any CPU
		{6048FBE0-C472-4CF3-9C0C-F4660E4D8A24}.Release|Any CPU.Build.0 = Release|Any CPU
	EndGlobalSection
	GlobalSection(SolutionProperties) = preSolution
		HideSolutionNode = FALSE
	EndGlobalSection
	GlobalSection(ExtensibilityGlobals) = postSolution
		SolutionGuid = {42262813-B054-448D-BF01-4A4B02E2BDD0}
	EndGlobalSection
EndGlobal
